
Microsoft Visual Studio Solution File, Format Version 12.00
# Visual Studio Version 17
VisualStudioVersion = 17.6.33927.249
MinimumVisualStudioVersion = 10.0.40219.1
Project("{FAE04EC0-301F-11D3-BF4B-00C04F79EFBC}") = "Async Await", "Async Await.csproj", "{10D95670-662F-442B-8CA9-0D0C516E3CB2}"
EndProject
Global
	GlobalSection(SolutionConfigurationPlatforms) = preSolution
		Debug|Any CPU = Debug|Any CPU
		Release|Any CPU = Release|Any CPU
	EndGlobalSection
	GlobalSection(ProjectConfigurationPlatforms) = postSolution
		{10D95670-662F-442B-8CA9-0D0C516E3CB2}.Debug|Any CPU.ActiveCfg = Debug|Any CPU
		{10D95670-662F-442B-8CA9-0D0C516E3CB2}.Debug|Any CPU.Build.0 = Debug|Any CPU
		{10D95670-662F-442B-8CA9-0D0C516E3CB2}.Release|Any CPU.ActiveCfg = Release|Any CPU
		{10D95670-662F-442B-8CA9-0D0C516E3CB2}.Release|Any CPU.Build.0 = Release|Any CPU
	EndGlobalSection
	GlobalSection(SolutionProperties) = preSolution
		HideSolutionNode = FALSE
	EndGlobalSection
	GlobalSection(ExtensibilityGlobals) = postSolution
		SolutionGuid = {050A287B-3F1C-452D-8433-E84986D3FF51}
	EndGlobalSection
EndGlobal
